{
  "markbot": "cd69f89a012c5eba85cba58c0735a09b77fdcd5e49e15e40e41a63e9e51ac1ef",
  "markbotignore": "030a4e6e1b3b6b510514a7ae54576e2c2ef762d56236c6414ef634955d96a126",
  "index.html": "988c2da2ab72c95b21616fd6ee00f3d40318b73276642e3acacfe5092f32da86",
  "index-320.png": "9426f7fa850b83d8415a721eb46a22eecd6d55a287da29e505dafbe655cdcff2",
  "index-400.png": "b28c009b43b2474620d62f52b76484eaf954f32a4c2f90cb4fba2fecabe8c36f",
  "index-608.png": "e5436ef618f7b5af69a5bd6d4c63452723acbf9bdc994ce4cc5194e16761862f",
  "index-960.png": "0bdc439098e2d472d41abf72f593bda0a943ce20be783f5f943cc8290468778f",
  "index-1440.png": "14977272044340ac2e0c81a3945ab13d1e5fee780c5220e7b8bc7ca0d3ac5423"
}