{
  "markbot": "cd69f89a012c5eba85cba58c0735a09b77fdcd5e49e15e40e41a63e9e51ac1ef",
  "markbotignore": "030a4e6e1b3b6b510514a7ae54576e2c2ef762d56236c6414ef634955d96a126",
  "index.html": "988c2da2ab72c95b21616fd6ee00f3d40318b73276642e3acacfe5092f32da86",
  "index-320.png": "d273a47837223c8cc6af99621a3882c6b5deda665f899d0de7970823033ccede",
  "index-400.png": "d2351905c11d97cca0a7d16dd3aa252e791757962c7a45d124832ea2590e9ba5",
  "index-608.png": "e8cbb785584957c74afaee5840771fd386158c75154096247ac4ef228f4a757b",
  "index-960.png": "79954bdee708ecd5e5f1c44de42c3fb1cbb929be00eabfc850ad7fcec583e3e8",
  "index-1440.png": "76f2e17b46e0d210f1165344d12d6a1fd003b4b7cc46af08789530d746667e27"
}