{
  "markbot": "1abc521467b2e71d4468ae2bce5597b5df0fb0be6098b34804c0e452771940da",
  "markbotignore": "030a4e6e1b3b6b510514a7ae54576e2c2ef762d56236c6414ef634955d96a126",
  "index.html": "154da01674fbf13e00a86ee18c324972d2b6ee80dd8070507c5b1f573b1c5283",
  "index-320.png": "d273a47837223c8cc6af99621a3882c6b5deda665f899d0de7970823033ccede",
  "index-400.png": "d2351905c11d97cca0a7d16dd3aa252e791757962c7a45d124832ea2590e9ba5",
  "index-608.png": "e8cbb785584957c74afaee5840771fd386158c75154096247ac4ef228f4a757b",
  "index-960.png": "79954bdee708ecd5e5f1c44de42c3fb1cbb929be00eabfc850ad7fcec583e3e8",
  "index-1440.png": "76f2e17b46e0d210f1165344d12d6a1fd003b4b7cc46af08789530d746667e27"
}